
Microsoft Visual Studio Solution File, Format Version 12.00
# Visual Studio Version 16
VisualStudioVersion = 16.0.30225.117
MinimumVisualStudioVersion = 15.0.26124.0
Project("{9A19103F-16F7-4668-BE54-9A1E7A4F7556}") = "UnitTests", "UnitTests\UnitTests.csproj", "{82F2BDE9-317B-43CB-811E-2B1FD05B6441}"
EndProject
Project("{9A19103F-16F7-4668-BE54-9A1E7A4F7556}") = "Strategy.Duck", "Strategy.Duck\Strategy.Duck.csproj", "{17C6FECB-CA4B-4B58-81CE-188757BC75B0}"
EndProject
Project("{FAE04EC0-301F-11D3-BF4B-00C04F79EFBC}") = "Observer.WeaherData", "Observer.WeaherData\Observer.WeaherData.csproj", "{76AF2141-3355-4C92-85C3-CFEBE955D6F4}"
EndProject
Project("{FAE04EC0-301F-11D3-BF4B-00C04F79EFBC}") = "Decorator.Starbuzz", "Decorator.Starbuzz\Decorator.Starbuzz.csproj", "{F6BD1299-BEBF-48C4-B450-7109A0E3F38E}"
EndProject
Global
	GlobalSection(SolutionConfigurationPlatforms) = preSolution
		Debug|Any CPU = Debug|Any CPU
		Debug|x64 = Debug|x64
		Debug|x86 = Debug|x86
		Release|Any CPU = Release|Any CPU
		Release|x64 = Release|x64
		Release|x86 = Release|x86
	EndGlobalSection
	GlobalSection(ProjectConfigurationPlatforms) = postSolution
		{82F2BDE9-317B-43CB-811E-2B1FD05B6441}.Debug|Any CPU.ActiveCfg = Debug|Any CPU
		{82F2BDE9-317B-43CB-811E-2B1FD05B6441}.Debug|Any CPU.Build.0 = Debug|Any CPU
		{82F2BDE9-317B-43CB-811E-2B1FD05B6441}.Debug|x64.ActiveCfg = Debug|Any CPU
		{82F2BDE9-317B-43CB-811E-2B1FD05B6441}.Debug|x64.Build.0 = Debug|Any CPU
		{82F2BDE9-317B-43CB-811E-2B1FD05B6441}.Debug|x86.ActiveCfg = Debug|Any CPU
		{82F2BDE9-317B-43CB-811E-2B1FD05B6441}.Debug|x86.Build.0 = Debug|Any CPU
		{82F2BDE9-317B-43CB-811E-2B1FD05B6441}.Release|Any CPU.ActiveCfg = Release|Any CPU
		{82F2BDE9-317B-43CB-811E-2B1FD05B6441}.Release|Any CPU.Build.0 = Release|Any CPU
		{82F2BDE9-317B-43CB-811E-2B1FD05B6441}.Release|x64.ActiveCfg = Release|Any CPU
		{82F2BDE9-317B-43CB-811E-2B1FD05B6441}.Release|x64.Build.0 = Release|Any CPU
		{82F2BDE9-317B-43CB-811E-2B1FD05B6441}.Release|x86.ActiveCfg = Release|Any CPU
		{82F2BDE9-317B-43CB-811E-2B1FD05B6441}.Release|x86.Build.0 = Release|Any CPU
		{17C6FECB-CA4B-4B58-81CE-188757BC75B0}.Debug|Any CPU.ActiveCfg = Debug|Any CPU
		{17C6FECB-CA4B-4B58-81CE-188757BC75B0}.Debug|Any CPU.Build.0 = Debug|Any CPU
		{17C6FECB-CA4B-4B58-81CE-188757BC75B0}.Debug|x64.ActiveCfg = Debug|Any CPU
		{17C6FECB-CA4B-4B58-81CE-188757BC75B0}.Debug|x64.Build.0 = Debug|Any CPU
		{17C6FECB-CA4B-4B58-81CE-188757BC75B0}.Debug|x86.ActiveCfg = Debug|Any CPU
		{17C6FECB-CA4B-4B58-81CE-188757BC75B0}.Debug|x86.Build.0 = Debug|Any CPU
		{17C6FECB-CA4B-4B58-81CE-188757BC75B0}.Release|Any CPU.ActiveCfg = Release|Any CPU
		{17C6FECB-CA4B-4B58-81CE-188757BC75B0}.Release|Any CPU.Build.0 = Release|Any CPU
		{17C6FECB-CA4B-4B58-81CE-188757BC75B0}.Release|x64.ActiveCfg = Release|Any CPU
		{17C6FECB-CA4B-4B58-81CE-188757BC75B0}.Release|x64.Build.0 = Release|Any CPU
		{17C6FECB-CA4B-4B58-81CE-188757BC75B0}.Release|x86.ActiveCfg = Release|Any CPU
		{17C6FECB-CA4B-4B58-81CE-188757BC75B0}.Release|x86.Build.0 = Release|Any CPU
		{76AF2141-3355-4C92-85C3-CFEBE955D6F4}.Debug|Any CPU.ActiveCfg = Debug|Any CPU
		{76AF2141-3355-4C92-85C3-CFEBE955D6F4}.Debug|Any CPU.Build.0 = Debug|Any CPU
		{76AF2141-3355-4C92-85C3-CFEBE955D6F4}.Debug|x64.ActiveCfg = Debug|Any CPU
		{76AF2141-3355-4C92-85C3-CFEBE955D6F4}.Debug|x64.Build.0 = Debug|Any CPU
		{76AF2141-3355-4C92-85C3-CFEBE955D6F4}.Debug|x86.ActiveCfg = Debug|Any CPU
		{76AF2141-3355-4C92-85C3-CFEBE955D6F4}.Debug|x86.Build.0 = Debug|Any CPU
		{76AF2141-3355-4C92-85C3-CFEBE955D6F4}.Release|Any CPU.ActiveCfg = Release|Any CPU
		{76AF2141-3355-4C92-85C3-CFEBE955D6F4}.Release|Any CPU.Build.0 = Release|Any CPU
		{76AF2141-3355-4C92-85C3-CFEBE955D6F4}.Release|x64.ActiveCfg = Release|Any CPU
		{76AF2141-3355-4C92-85C3-CFEBE955D6F4}.Release|x64.Build.0 = Release|Any CPU
		{76AF2141-3355-4C92-85C3-CFEBE955D6F4}.Release|x86.ActiveCfg = Release|Any CPU
		{76AF2141-3355-4C92-85C3-CFEBE955D6F4}.Release|x86.Build.0 = Release|Any CPU
		{F6BD1299-BEBF-48C4-B450-7109A0E3F38E}.Debug|Any CPU.ActiveCfg = Debug|Any CPU
		{F6BD1299-BEBF-48C4-B450-7109A0E3F38E}.Debug|Any CPU.Build.0 = Debug|Any CPU
		{F6BD1299-BEBF-48C4-B450-7109A0E3F38E}.Debug|x64.ActiveCfg = Debug|Any CPU
		{F6BD1299-BEBF-48C4-B450-7109A0E3F38E}.Debug|x64.Build.0 = Debug|Any CPU
		{F6BD1299-BEBF-48C4-B450-7109A0E3F38E}.Debug|x86.ActiveCfg = Debug|Any CPU
		{F6BD1299-BEBF-48C4-B450-7109A0E3F38E}.Debug|x86.Build.0 = Debug|Any CPU
		{F6BD1299-BEBF-48C4-B450-7109A0E3F38E}.Release|Any CPU.ActiveCfg = Release|Any CPU
		{F6BD1299-BEBF-48C4-B450-7109A0E3F38E}.Release|Any CPU.Build.0 = Release|Any CPU
		{F6BD1299-BEBF-48C4-B450-7109A0E3F38E}.Release|x64.ActiveCfg = Release|Any CPU
		{F6BD1299-BEBF-48C4-B450-7109A0E3F38E}.Release|x64.Build.0 = Release|Any CPU
		{F6BD1299-BEBF-48C4-B450-7109A0E3F38E}.Release|x86.ActiveCfg = Release|Any CPU
		{F6BD1299-BEBF-48C4-B450-7109A0E3F38E}.Release|x86.Build.0 = Release|Any CPU
	EndGlobalSection
	GlobalSection(SolutionProperties) = preSolution
		HideSolutionNode = FALSE
	EndGlobalSection
	GlobalSection(ExtensibilityGlobals) = postSolution
		SolutionGuid = {D79F332C-0706-4A0D-9DF6-F7FAD9BE4066}
	EndGlobalSection
EndGlobal
